
Microsoft Visual Studio Solution File, Format Version 12.00
# Visual Studio Version 17
VisualStudioVersion = 17.0.31903.59
MinimumVisualStudioVersion = 10.0.40219.1
Project("{2150E333-8FDC-42A3-9474-1A3956D46DE8}") = "src", "src", "{827E0CD3-B72D-47B6-A68D-7590B98EB39B}"
EndProject
Project("{FAE04EC0-301F-11D3-BF4B-00C04F79EFBC}") = "HagiCode.Libs.Core", "src\HagiCode.Libs.Core\HagiCode.Libs.Core.csproj", "{08435103-A526-4F82-9AFD-CCEDAA306D51}"
EndProject
Project("{FAE04EC0-301F-11D3-BF4B-00C04F79EFBC}") = "HagiCode.Libs.Providers", "src\HagiCode.Libs.Providers\HagiCode.Libs.Providers.csproj", "{1488C6A4-406E-46BF-8A88-22ADC2500F3D}"
EndProject
Project("{FAE04EC0-301F-11D3-BF4B-00C04F79EFBC}") = "HagiCode.Libs.ClaudeCode.Console", "src\HagiCode.Libs.ClaudeCode.Console\HagiCode.Libs.ClaudeCode.Console.csproj", "{628EEAA6-8D18-44A8-9B8D-4B9C95B62C0F}"
EndProject
Project("{2150E333-8FDC-42A3-9474-1A3956D46DE8}") = "tests", "tests", "{0AB3BF05-4346-4AA6-1389-037BE0695223}"
EndProject
Project("{FAE04EC0-301F-11D3-BF4B-00C04F79EFBC}") = "HagiCode.Libs.Core.Tests", "tests\HagiCode.Libs.Core.Tests\HagiCode.Libs.Core.Tests.csproj", "{C5089318-DDB1-4E1B-BFF3-C14A5E7C475C}"
EndProject
Project("{FAE04EC0-301F-11D3-BF4B-00C04F79EFBC}") = "HagiCode.Libs.Providers.Tests", "tests\HagiCode.Libs.Providers.Tests\HagiCode.Libs.Providers.Tests.csproj", "{F70671E7-A056-4DD7-83A7-F278ABF92B65}"
EndProject
Project("{FAE04EC0-301F-11D3-BF4B-00C04F79EFBC}") = "HagiCode.Libs.ConsoleTesting", "src\HagiCode.Libs.ConsoleTesting\HagiCode.Libs.ConsoleTesting.csproj", "{E43813C4-A5E0-42D4-A07D-14D88654F2FB}"
EndProject
Project("{FAE04EC0-301F-11D3-BF4B-00C04F79EFBC}") = "HagiCode.Libs.ConsoleTesting.Tests", "tests\HagiCode.Libs.ConsoleTesting.Tests\HagiCode.Libs.ConsoleTesting.Tests.csproj", "{AB69C3FA-C7E9-4CBD-95D8-29B9DBAA00BA}"
EndProject
Project("{FAE04EC0-301F-11D3-BF4B-00C04F79EFBC}") = "HagiCode.Libs.Codex.Console", "src\HagiCode.Libs.Codex.Console\HagiCode.Libs.Codex.Console.csproj", "{A39579D0-AFF7-45EE-8373-E6E2166F5F6A}"
EndProject
Project("{FAE04EC0-301F-11D3-BF4B-00C04F79EFBC}") = "HagiCode.Libs.Codebuddy.Console", "src\HagiCode.Libs.Codebuddy.Console\HagiCode.Libs.Codebuddy.Console.csproj", "{5E6B1445-BD66-4866-8862-824A3A392376}"
EndProject
Global
	GlobalSection(SolutionConfigurationPlatforms) = preSolution
		Debug|Any CPU = Debug|Any CPU
		Debug|x64 = Debug|x64
		Debug|x86 = Debug|x86
		Release|Any CPU = Release|Any CPU
		Release|x64 = Release|x64
		Release|x86 = Release|x86
	EndGlobalSection
	GlobalSection(ProjectConfigurationPlatforms) = postSolution
		{08435103-A526-4F82-9AFD-CCEDAA306D51}.Debug|Any CPU.ActiveCfg = Debug|Any CPU
		{08435103-A526-4F82-9AFD-CCEDAA306D51}.Debug|Any CPU.Build.0 = Debug|Any CPU
		{08435103-A526-4F82-9AFD-CCEDAA306D51}.Debug|x64.ActiveCfg = Debug|Any CPU
		{08435103-A526-4F82-9AFD-CCEDAA306D51}.Debug|x64.Build.0 = Debug|Any CPU
		{08435103-A526-4F82-9AFD-CCEDAA306D51}.Debug|x86.ActiveCfg = Debug|Any CPU
		{08435103-A526-4F82-9AFD-CCEDAA306D51}.Debug|x86.Build.0 = Debug|Any CPU
		{08435103-A526-4F82-9AFD-CCEDAA306D51}.Release|Any CPU.ActiveCfg = Release|Any CPU
		{08435103-A526-4F82-9AFD-CCEDAA306D51}.Release|Any CPU.Build.0 = Release|Any CPU
		{08435103-A526-4F82-9AFD-CCEDAA306D51}.Release|x64.ActiveCfg = Release|Any CPU
		{08435103-A526-4F82-9AFD-CCEDAA306D51}.Release|x64.Build.0 = Release|Any CPU
		{08435103-A526-4F82-9AFD-CCEDAA306D51}.Release|x86.ActiveCfg = Release|Any CPU
		{08435103-A526-4F82-9AFD-CCEDAA306D51}.Release|x86.Build.0 = Release|Any CPU
		{1488C6A4-406E-46BF-8A88-22ADC2500F3D}.Debug|Any CPU.ActiveCfg = Debug|Any CPU
		{1488C6A4-406E-46BF-8A88-22ADC2500F3D}.Debug|Any CPU.Build.0 = Debug|Any CPU
		{1488C6A4-406E-46BF-8A88-22ADC2500F3D}.Debug|x64.ActiveCfg = Debug|Any CPU
		{1488C6A4-406E-46BF-8A88-22ADC2500F3D}.Debug|x64.Build.0 = Debug|Any CPU
		{1488C6A4-406E-46BF-8A88-22ADC2500F3D}.Debug|x86.ActiveCfg = Debug|Any CPU
		{1488C6A4-406E-46BF-8A88-22ADC2500F3D}.Debug|x86.Build.0 = Debug|Any CPU
		{1488C6A4-406E-46BF-8A88-22ADC2500F3D}.Release|Any CPU.ActiveCfg = Release|Any CPU
		{1488C6A4-406E-46BF-8A88-22ADC2500F3D}.Release|Any CPU.Build.0 = Release|Any CPU
		{1488C6A4-406E-46BF-8A88-22ADC2500F3D}.Release|x64.ActiveCfg = Release|Any CPU
		{1488C6A4-406E-46BF-8A88-22ADC2500F3D}.Release|x64.Build.0 = Release|Any CPU
		{1488C6A4-406E-46BF-8A88-22ADC2500F3D}.Release|x86.ActiveCfg = Release|Any CPU
		{1488C6A4-406E-46BF-8A88-22ADC2500F3D}.Release|x86.Build.0 = Release|Any CPU
		{628EEAA6-8D18-44A8-9B8D-4B9C95B62C0F}.Debug|Any CPU.ActiveCfg = Debug|Any CPU
		{628EEAA6-8D18-44A8-9B8D-4B9C95B62C0F}.Debug|Any CPU.Build.0 = Debug|Any CPU
		{628EEAA6-8D18-44A8-9B8D-4B9C95B62C0F}.Debug|x64.ActiveCfg = Debug|Any CPU
		{628EEAA6-8D18-44A8-9B8D-4B9C95B62C0F}.Debug|x64.Build.0 = Debug|Any CPU
		{628EEAA6-8D18-44A8-9B8D-4B9C95B62C0F}.Debug|x86.ActiveCfg = Debug|Any CPU
		{628EEAA6-8D18-44A8-9B8D-4B9C95B62C0F}.Debug|x86.Build.0 = Debug|Any CPU
		{628EEAA6-8D18-44A8-9B8D-4B9C95B62C0F}.Release|Any CPU.ActiveCfg = Release|Any CPU
		{628EEAA6-8D18-44A8-9B8D-4B9C95B62C0F}.Release|Any CPU.Build.0 = Release|Any CPU
		{628EEAA6-8D18-44A8-9B8D-4B9C95B62C0F}.Release|x64.ActiveCfg = Release|Any CPU
		{628EEAA6-8D18-44A8-9B8D-4B9C95B62C0F}.Release|x64.Build.0 = Release|Any CPU
		{628EEAA6-8D18-44A8-9B8D-4B9C95B62C0F}.Release|x86.ActiveCfg = Release|Any CPU
		{628EEAA6-8D18-44A8-9B8D-4B9C95B62C0F}.Release|x86.Build.0 = Release|Any CPU
		{C5089318-DDB1-4E1B-BFF3-C14A5E7C475C}.Debug|Any CPU.ActiveCfg = Debug|Any CPU
		{C5089318-DDB1-4E1B-BFF3-C14A5E7C475C}.Debug|Any CPU.Build.0 = Debug|Any CPU
		{C5089318-DDB1-4E1B-BFF3-C14A5E7C475C}.Debug|x64.ActiveCfg = Debug|Any CPU
		{C5089318-DDB1-4E1B-BFF3-C14A5E7C475C}.Debug|x64.Build.0 = Debug|Any CPU
		{C5089318-DDB1-4E1B-BFF3-C14A5E7C475C}.Debug|x86.ActiveCfg = Debug|Any CPU
		{C5089318-DDB1-4E1B-BFF3-C14A5E7C475C}.Debug|x86.Build.0 = Debug|Any CPU
		{C5089318-DDB1-4E1B-BFF3-C14A5E7C475C}.Release|Any CPU.ActiveCfg = Release|Any CPU
		{C5089318-DDB1-4E1B-BFF3-C14A5E7C475C}.Release|Any CPU.Build.0 = Release|Any CPU
		{C5089318-DDB1-4E1B-BFF3-C14A5E7C475C}.Release|x64.ActiveCfg = Release|Any CPU
		{C5089318-DDB1-4E1B-BFF3-C14A5E7C475C}.Release|x64.Build.0 = Release|Any CPU
		{C5089318-DDB1-4E1B-BFF3-C14A5E7C475C}.Release|x86.ActiveCfg = Release|Any CPU
		{C5089318-DDB1-4E1B-BFF3-C14A5E7C475C}.Release|x86.Build.0 = Release|Any CPU
		{F70671E7-A056-4DD7-83A7-F278ABF92B65}.Debug|Any CPU.ActiveCfg = Debug|Any CPU
		{F70671E7-A056-4DD7-83A7-F278ABF92B65}.Debug|Any CPU.Build.0 = Debug|Any CPU
		{F70671E7-A056-4DD7-83A7-F278ABF92B65}.Debug|x64.ActiveCfg = Debug|Any CPU
		{F70671E7-A056-4DD7-83A7-F278ABF92B65}.Debug|x64.Build.0 = Debug|Any CPU
		{F70671E7-A056-4DD7-83A7-F278ABF92B65}.Debug|x86.ActiveCfg = Debug|Any CPU
		{F70671E7-A056-4DD7-83A7-F278ABF92B65}.Debug|x86.Build.0 = Debug|Any CPU
		{F70671E7-A056-4DD7-83A7-F278ABF92B65}.Release|Any CPU.ActiveCfg = Release|Any CPU
		{F70671E7-A056-4DD7-83A7-F278ABF92B65}.Release|Any CPU.Build.0 = Release|Any CPU
		{F70671E7-A056-4DD7-83A7-F278ABF92B65}.Release|x64.ActiveCfg = Release|Any CPU
		{F70671E7-A056-4DD7-83A7-F278ABF92B65}.Release|x64.Build.0 = Release|Any CPU
		{F70671E7-A056-4DD7-83A7-F278ABF92B65}.Release|x86.ActiveCfg = Release|Any CPU
		{F70671E7-A056-4DD7-83A7-F278ABF92B65}.Release|x86.Build.0 = Release|Any CPU
		{E43813C4-A5E0-42D4-A07D-14D88654F2FB}.Debug|Any CPU.ActiveCfg = Debug|Any CPU
		{E43813C4-A5E0-42D4-A07D-14D88654F2FB}.Debug|Any CPU.Build.0 = Debug|Any CPU
		{E43813C4-A5E0-42D4-A07D-14D88654F2FB}.Debug|x64.ActiveCfg = Debug|Any CPU
		{E43813C4-A5E0-42D4-A07D-14D88654F2FB}.Debug|x64.Build.0 = Debug|Any CPU
		{E43813C4-A5E0-42D4-A07D-14D88654F2FB}.Debug|x86.ActiveCfg = Debug|Any CPU
		{E43813C4-A5E0-42D4-A07D-14D88654F2FB}.Debug|x86.Build.0 = Debug|Any CPU
		{E43813C4-A5E0-42D4-A07D-14D88654F2FB}.Release|Any CPU.ActiveCfg = Release|Any CPU
		{E43813C4-A5E0-42D4-A07D-14D88654F2FB}.Release|Any CPU.Build.0 = Release|Any CPU
		{E43813C4-A5E0-42D4-A07D-14D88654F2FB}.Release|x64.ActiveCfg = Release|Any CPU
		{E43813C4-A5E0-42D4-A07D-14D88654F2FB}.Release|x64.Build.0 = Release|Any CPU
		{E43813C4-A5E0-42D4-A07D-14D88654F2FB}.Release|x86.ActiveCfg = Release|Any CPU
		{E43813C4-A5E0-42D4-A07D-14D88654F2FB}.Release|x86.Build.0 = Release|Any CPU
		{AB69C3FA-C7E9-4CBD-95D8-29B9DBAA00BA}.Debug|Any CPU.ActiveCfg = Debug|Any CPU
		{AB69C3FA-C7E9-4CBD-95D8-29B9DBAA00BA}.Debug|Any CPU.Build.0 = Debug|Any CPU
		{AB69C3FA-C7E9-4CBD-95D8-29B9DBAA00BA}.Debug|x64.ActiveCfg = Debug|Any CPU
		{AB69C3FA-C7E9-4CBD-95D8-29B9DBAA00BA}.Debug|x64.Build.0 = Debug|Any CPU
		{AB69C3FA-C7E9-4CBD-95D8-29B9DBAA00BA}.Debug|x86.ActiveCfg = Debug|Any CPU
		{AB69C3FA-C7E9-4CBD-95D8-29B9DBAA00BA}.Debug|x86.Build.0 = Debug|Any CPU
		{AB69C3FA-C7E9-4CBD-95D8-29B9DBAA00BA}.Release|Any CPU.ActiveCfg = Release|Any CPU
		{AB69C3FA-C7E9-4CBD-95D8-29B9DBAA00BA}.Release|Any CPU.Build.0 = Release|Any CPU
		{AB69C3FA-C7E9-4CBD-95D8-29B9DBAA00BA}.Release|x64.ActiveCfg = Release|Any CPU
		{AB69C3FA-C7E9-4CBD-95D8-29B9DBAA00BA}.Release|x64.Build.0 = Release|Any CPU
		{AB69C3FA-C7E9-4CBD-95D8-29B9DBAA00BA}.Release|x86.ActiveCfg = Release|Any CPU
		{AB69C3FA-C7E9-4CBD-95D8-29B9DBAA00BA}.Release|x86.Build.0 = Release|Any CPU
		{A39579D0-AFF7-45EE-8373-E6E2166F5F6A}.Debug|Any CPU.ActiveCfg = Debug|Any CPU
		{A39579D0-AFF7-45EE-8373-E6E2166F5F6A}.Debug|Any CPU.Build.0 = Debug|Any CPU
		{A39579D0-AFF7-45EE-8373-E6E2166F5F6A}.Debug|x64.ActiveCfg = Debug|Any CPU
		{A39579D0-AFF7-45EE-8373-E6E2166F5F6A}.Debug|x64.Build.0 = Debug|Any CPU
		{A39579D0-AFF7-45EE-8373-E6E2166F5F6A}.Debug|x86.ActiveCfg = Debug|Any CPU
		{A39579D0-AFF7-45EE-8373-E6E2166F5F6A}.Debug|x86.Build.0 = Debug|Any CPU
		{A39579D0-AFF7-45EE-8373-E6E2166F5F6A}.Release|Any CPU.ActiveCfg = Release|Any CPU
		{A39579D0-AFF7-45EE-8373-E6E2166F5F6A}.Release|Any CPU.Build.0 = Release|Any CPU
		{A39579D0-AFF7-45EE-8373-E6E2166F5F6A}.Release|x64.ActiveCfg = Release|Any CPU
		{A39579D0-AFF7-45EE-8373-E6E2166F5F6A}.Release|x64.Build.0 = Release|Any CPU
		{A39579D0-AFF7-45EE-8373-E6E2166F5F6A}.Release|x86.ActiveCfg = Release|Any CPU
		{A39579D0-AFF7-45EE-8373-E6E2166F5F6A}.Release|x86.Build.0 = Release|Any CPU
		{5E6B1445-BD66-4866-8862-824A3A392376}.Debug|Any CPU.ActiveCfg = Debug|Any CPU
		{5E6B1445-BD66-4866-8862-824A3A392376}.Debug|Any CPU.Build.0 = Debug|Any CPU
		{5E6B1445-BD66-4866-8862-824A3A392376}.Debug|x64.ActiveCfg = Debug|Any CPU
		{5E6B1445-BD66-4866-8862-824A3A392376}.Debug|x64.Build.0 = Debug|Any CPU
		{5E6B1445-BD66-4866-8862-824A3A392376}.Debug|x86.ActiveCfg = Debug|Any CPU
		{5E6B1445-BD66-4866-8862-824A3A392376}.Debug|x86.Build.0 = Debug|Any CPU
		{5E6B1445-BD66-4866-8862-824A3A392376}.Release|Any CPU.ActiveCfg = Release|Any CPU
		{5E6B1445-BD66-4866-8862-824A3A392376}.Release|Any CPU.Build.0 = Release|Any CPU
		{5E6B1445-BD66-4866-8862-824A3A392376}.Release|x64.ActiveCfg = Release|Any CPU
		{5E6B1445-BD66-4866-8862-824A3A392376}.Release|x64.Build.0 = Release|Any CPU
		{5E6B1445-BD66-4866-8862-824A3A392376}.Release|x86.ActiveCfg = Release|Any CPU
		{5E6B1445-BD66-4866-8862-824A3A392376}.Release|x86.Build.0 = Release|Any CPU
	EndGlobalSection
	GlobalSection(SolutionProperties) = preSolution
		HideSolutionNode = FALSE
	EndGlobalSection
	GlobalSection(NestedProjects) = preSolution
		{08435103-A526-4F82-9AFD-CCEDAA306D51} = {827E0CD3-B72D-47B6-A68D-7590B98EB39B}
		{1488C6A4-406E-46BF-8A88-22ADC2500F3D} = {827E0CD3-B72D-47B6-A68D-7590B98EB39B}
		{628EEAA6-8D18-44A8-9B8D-4B9C95B62C0F} = {827E0CD3-B72D-47B6-A68D-7590B98EB39B}
		{C5089318-DDB1-4E1B-BFF3-C14A5E7C475C} = {0AB3BF05-4346-4AA6-1389-037BE0695223}
		{F70671E7-A056-4DD7-83A7-F278ABF92B65} = {0AB3BF05-4346-4AA6-1389-037BE0695223}
		{E43813C4-A5E0-42D4-A07D-14D88654F2FB} = {827E0CD3-B72D-47B6-A68D-7590B98EB39B}
		{AB69C3FA-C7E9-4CBD-95D8-29B9DBAA00BA} = {0AB3BF05-4346-4AA6-1389-037BE0695223}
		{A39579D0-AFF7-45EE-8373-E6E2166F5F6A} = {827E0CD3-B72D-47B6-A68D-7590B98EB39B}
		{5E6B1445-BD66-4866-8862-824A3A392376} = {827E0CD3-B72D-47B6-A68D-7590B98EB39B}
	EndGlobalSection
EndGlobal
